{
  "name": "blacktemple",
  "lockfileVersion": 3,
  "requires": true,
  "packages": {
    "": {
      "dependencies": {
        "jose": "^6.0.8",
        "nanoid": "^5.1.2"
      }
    },
    "node_modules/jose": {
      "version": "6.0.8",
      "resolved": "https://registry.npmjs.org/jose/-/jose-6.0.8.tgz",
      "integrity": "sha512-EyUPtOKyTYq+iMOszO42eobQllaIjJnwkZ2U93aJzNyPibCy7CEvT9UQnaCVB51IAd49gbNdCew1c0LcLTCB2g==",
      "license": "MIT",
      "funding": {
        "url": "https://github.com/sponsors/panva"
      }
    },
    "node_modules/nanoid": {
      "version": "5.1.2",
      "resolved": "https://registry.npmjs.org/nanoid/-/nanoid-5.1.2.tgz",
      "integrity": "sha512-b+CiXQCNMUGe0Ri64S9SXFcP9hogjAJ2Rd6GdVxhPLRm7mhGaM7VgOvCAJ1ZshfHbqVDI3uqTI5C8/GaKuLI7g==",
      "funding": [
        {
          "type": "github",
          "url": "https://github.com/sponsors/ai"
        }
      ],
      "license": "MIT",
      "bin": {
        "nanoid": "bin/nanoid.js"
      },
      "engines": {
        "node": "^18 || >=20"
      }
    }
  }
}
